
Microsoft Visual Studio Solution File, Format Version 12.00
# Visual Studio Version 16
VisualStudioVersion = 16.0.30517.126
MinimumVisualStudioVersion = 10.0.40219.1
Project("{FAE04EC0-301F-11D3-BF4B-00C04F79EFBC}") = "Snake", "Snake\Snake.csproj", "{A026242C-CAAB-47E5-843F-959D6E8A481B}"
EndProject
Global
	GlobalSection(SolutionConfigurationPlatforms) = preSolution
		Debug|Any CPU = Debug|Any CPU
		Release|Any CPU = Release|Any CPU
	EndGlobalSection
	GlobalSection(ProjectConfigurationPlatforms) = postSolution
		{A026242C-CAAB-47E5-843F-959D6E8A481B}.Debug|Any CPU.ActiveCfg = Debug|Any CPU
		{A026242C-CAAB-47E5-843F-959D6E8A481B}.Debug|Any CPU.Build.0 = Debug|Any CPU
		{A026242C-CAAB-47E5-843F-959D6E8A481B}.Release|Any CPU.ActiveCfg = Release|Any CPU
		{A026242C-CAAB-47E5-843F-959D6E8A481B}.Release|Any CPU.Build.0 = Release|Any CPU
	EndGlobalSection
	GlobalSection(SolutionProperties) = preSolution
		HideSolutionNode = FALSE
	EndGlobalSection
	GlobalSection(ExtensibilityGlobals) = postSolution
		SolutionGuid = {4EC7E5CF-551B-4625-97E2-F505057A789B}
	EndGlobalSection
EndGlobal
